// !$*UTF8*$!
{
	archiveVersion = 1;
	classes = {
	};
	objectVersion = 50;
	objects = {

/* Begin PBXBuildFile section */
		147BB77F21CB3D1A009D1570 /* AppDelegate.m in Sources */ = {isa = PBXBuildFile; fileRef = 147BB77E21CB3D1A009D1570 /* AppDelegate.m */; };
		147BB78221CB3D1A009D1570 /* ViewController.m in Sources */ = {isa = PBXBuildFile; fileRef = 147BB78121CB3D1A009D1570 /* ViewController.m */; };
		147BB78521CB3D1A009D1570 /* Main.storyboard in Resources */ = {isa = PBXBuildFile; fileRef = 147BB78321CB3D1A009D1570 /* Main.storyboard */; };
		147BB78721CB3D1B009D1570 /* Assets.xcassets in Resources */ = {isa = PBXBuildFile; fileRef = 147BB78621CB3D1B009D1570 /* Assets.xcassets */; };
		147BB78A21CB3D1B009D1570 /* LaunchScreen.storyboard in Resources */ = {isa = PBXBuildFile; fileRef = 147BB78821CB3D1B009D1570 /* LaunchScreen.storyboard */; };
		147BB78D21CB3D1B009D1570 /* main.m in Sources */ = {isa = PBXBuildFile; fileRef = 147BB78C21CB3D1B009D1570 /* main.m */; };
		147BB79621CB3EB9009D1570 /* CTMediator+B.m in Sources */ = {isa = PBXBuildFile; fileRef = 147BB79521CB3EB9009D1570 /* CTMediator+B.m */; };
		DF103809A643430A28611A6B /* Pods_B_Category.framework in Frameworks */ = {isa = PBXBuildFile; fileRef = CB4278BCC59509DD4AB176DC /* Pods_B_Category.framework */; };
/* End PBXBuildFile section */

/* Begin PBXFileReference section */
		147BB77A21CB3D1A009D1570 /* B_Category.app */ = {isa = PBXFileReference; explicitFileType = wrapper.application; includeInIndex = 0; path = B_Category.app; sourceTree = BUILT_PRODUCTS_DIR; };
		147BB77D21CB3D1A009D1570 /* AppDelegate.h */ = {isa = PBXFileReference; lastKnownFileType = sourcecode.c.h; path = AppDelegate.h; sourceTree = "<group>"; };
		147BB77E21CB3D1A009D1570 /* AppDelegate.m */ = {isa = PBXFileReference; lastKnownFileType = sourcecode.c.objc; path = AppDelegate.m; sourceTree = "<group>"; };
		147BB78021CB3D1A009D1570 /* ViewController.h */ = {isa = PBXFileReference; lastKnownFileType = sourcecode.c.h; path = ViewController.h; sourceTree = "<group>"; };
		147BB78121CB3D1A009D1570 /* ViewController.m */ = {isa = PBXFileReference; lastKnownFileType = sourcecode.c.objc; path = ViewController.m; sourceTree = "<group>"; };
		147BB78421CB3D1A009D1570 /* Base */ = {isa = PBXFileReference; lastKnownFileType = file.storyboard; name = Base; path = Base.lproj/Main.storyboard; sourceTree = "<group>"; };
		147BB78621CB3D1B009D1570 /* Assets.xcassets */ = {isa = PBXFileReference; lastKnownFileType = folder.assetcatalog; path = Assets.xcassets; sourceTree = "<group>"; };
		147BB78921CB3D1B009D1570 /* Base */ = {isa = PBXFileReference; lastKnownFileType = file.storyboard; name = Base; path = Base.lproj/LaunchScreen.storyboard; sourceTree = "<group>"; };
		147BB78B21CB3D1B009D1570 /* Info.plist */ = {isa = PBXFileReference; lastKnownFileType = text.plist.xml; path = Info.plist; sourceTree = "<group>"; };
		147BB78C21CB3D1B009D1570 /* main.m */ = {isa = PBXFileReference; lastKnownFileType = sourcecode.c.objc; path = main.m; sourceTree = "<group>"; };
		147BB79421CB3EB9009D1570 /* CTMediator+B.h */ = {isa = PBXFileReference; lastKnownFileType = sourcecode.c.h; path = "CTMediator+B.h"; sourceTree = "<group>"; };
		147BB79521CB3EB9009D1570 /* CTMediator+B.m */ = {isa = PBXFileReference; lastKnownFileType = sourcecode.c.objc; path = "CTMediator+B.m"; sourceTree = "<group>"; };
		5BE3099BF6C61724DB523CC6 /* Pods-B_Category.release.xcconfig */ = {isa = PBXFileReference; includeInIndex = 1; lastKnownFileType = text.xcconfig; name = "Pods-B_Category.release.xcconfig"; path = "Target Support Files/Pods-B_Category/Pods-B_Category.release.xcconfig"; sourceTree = "<group>"; };
		CB4278BCC59509DD4AB176DC /* Pods_B_Category.framework */ = {isa = PBXFileReference; explicitFileType = wrapper.framework; includeInIndex = 0; path = Pods_B_Category.framework; sourceTree = BUILT_PRODUCTS_DIR; };
		EB361245C867DB6C640CC0FD /* Pods-B_Category.debug.xcconfig */ = {isa = PBXFileReference; includeInIndex = 1; lastKnownFileType = text.xcconfig; name = "Pods-B_Category.debug.xcconfig"; path = "Target Support Files/Pods-B_Category/Pods-B_Category.debug.xcconfig"; sourceTree = "<group>"; };
/* End PBXFileReference section */

/* Begin PBXFrameworksBuildPhase section */
		147BB77721CB3D1A009D1570 /* Frameworks */ = {
			isa = PBXFrameworksBuildPhase;
			buildActionMask = 2147483647;
			files = (
				DF103809A643430A28611A6B /* Pods_B_Category.framework in Frameworks */,
			);
			runOnlyForDeploymentPostprocessing = 0;
		};
/* End PBXFrameworksBuildPhase section */

/* Begin PBXGroup section */
		147BB77121CB3D1A009D1570 = {
			isa = PBXGroup;
			children = (
				147BB77C21CB3D1A009D1570 /* B_Category */,
				147BB77B21CB3D1A009D1570 /* Products */,
				149F53076A6271A27EAAFEFE /* Pods */,
				BC0DEA8F1601534DD0DDFFE2 /* Frameworks */,
			);
			sourceTree = "<group>";
		};
		147BB77B21CB3D1A009D1570 /* Products */ = {
			isa = PBXGroup;
			children = (
				147BB77A21CB3D1A009D1570 /* B_Category.app */,
			);
			name = Products;
			sourceTree = "<group>";
		};
		147BB77C21CB3D1A009D1570 /* B_Category */ = {
			isa = PBXGroup;
			children = (
				147BB79321CB3EA1009D1570 /* B_Category */,
				147BB77D21CB3D1A009D1570 /* AppDelegate.h */,
				147BB77E21CB3D1A009D1570 /* AppDelegate.m */,
				147BB78021CB3D1A009D1570 /* ViewController.h */,
				147BB78121CB3D1A009D1570 /* ViewController.m */,
				147BB78321CB3D1A009D1570 /* Main.storyboard */,
				147BB78621CB3D1B009D1570 /* Assets.xcassets */,
				147BB78821CB3D1B009D1570 /* LaunchScreen.storyboard */,
				147BB78B21CB3D1B009D1570 /* Info.plist */,
				147BB78C21CB3D1B009D1570 /* main.m */,
			);
			path = B_Category;
			sourceTree = "<group>";
		};
		147BB79321CB3EA1009D1570 /* B_Category */ = {
			isa = PBXGroup;
			children = (
				147BB79421CB3EB9009D1570 /* CTMediator+B.h */,
				147BB79521CB3EB9009D1570 /* CTMediator+B.m */,
			);
			path = B_Category;
			sourceTree = "<group>";
		};
		149F53076A6271A27EAAFEFE /* Pods */ = {
			isa = PBXGroup;
			children = (
				EB361245C867DB6C640CC0FD /* Pods-B_Category.debug.xcconfig */,
				5BE3099BF6C61724DB523CC6 /* Pods-B_Category.release.xcconfig */,
			);
			path = Pods;
			sourceTree = "<group>";
		};
		BC0DEA8F1601534DD0DDFFE2 /* Frameworks */ = {
			isa = PBXGroup;
			children = (
				CB4278BCC59509DD4AB176DC /* Pods_B_Category.framework */,
			);
			name = Frameworks;
			sourceTree = "<group>";
		};
/* End PBXGroup section */

/* Begin PBXNativeTarget section */
		147BB77921CB3D1A009D1570 /* B_Category */ = {
			isa = PBXNativeTarget;
			buildConfigurationList = 147BB79021CB3D1B009D1570 /* Build configuration list for PBXNativeTarget "B_Category" */;
			buildPhases = (
				60BE0F9F1B710EB482E09400 /* [CP] Check Pods Manifest.lock */,
				147BB77621CB3D1A009D1570 /* Sources */,
				147BB77721CB3D1A009D1570 /* Frameworks */,
				147BB77821CB3D1A009D1570 /* Resources */,
				4D3715A8F4FAAC120127C206 /* [CP] Embed Pods Frameworks */,
			);
			buildRules = (
			);
			dependencies = (
			);
			name = B_Category;
			productName = B_Category;
			productReference = 147BB77A21CB3D1A009D1570 /* B_Category.app */;
			productType = "com.apple.product-type.application";
		};
/* End PBXNativeTarget section */

/* Begin PBXProject section */
		147BB77221CB3D1A009D1570 /* Project object */ = {
			isa = PBXProject;
			attributes = {
				LastUpgradeCheck = 1010;
				ORGANIZATIONNAME = P2soft;
				TargetAttributes = {
					147BB77921CB3D1A009D1570 = {
						CreatedOnToolsVersion = 10.1;
					};
				};
			};
			buildConfigurationList = 147BB77521CB3D1A009D1570 /* Build configuration list for PBXProject "B_Category" */;
			compatibilityVersion = "Xcode 9.3";
			developmentRegion = en;
			hasScannedForEncodings = 0;
			knownRegions = (
				en,
				Base,
			);
			mainGroup = 147BB77121CB3D1A009D1570;
			productRefGroup = 147BB77B21CB3D1A009D1570 /* Products */;
			projectDirPath = "";
			projectRoot = "";
			targets = (
				147BB77921CB3D1A009D1570 /* B_Category */,
			);
		};
/* End PBXProject section */

/* Begin PBXResourcesBuildPhase section */
		147BB77821CB3D1A009D1570 /* Resources */ = {
			isa = PBXResourcesBuildPhase;
			buildActionMask = 2147483647;
			files = (
				147BB78A21CB3D1B009D1570 /* LaunchScreen.storyboard in Resources */,
				147BB78721CB3D1B009D1570 /* Assets.xcassets in Resources */,
				147BB78521CB3D1A009D1570 /* Main.storyboard in Resources */,
			);
			runOnlyForDeploymentPostprocessing = 0;
		};
/* End PBXResourcesBuildPhase section */

/* Begin PBXShellScriptBuildPhase section */
		4D3715A8F4FAAC120127C206 /* [CP] Embed Pods Frameworks */ = {
			isa = PBXShellScriptBuildPhase;
			buildActionMask = 2147483647;
			files = (
			);
			inputFileListPaths = (
			);
			inputPaths = (
				"${PODS_ROOT}/Target Support Files/Pods-B_Category/Pods-B_Category-frameworks.sh",
				"${BUILT_PRODUCTS_DIR}/CTMediator/CTMediator.framework",
			);
			name = "[CP] Embed Pods Frameworks";
			outputFileListPaths = (
			);
			outputPaths = (
				"${TARGET_BUILD_DIR}/${FRAMEWORKS_FOLDER_PATH}/CTMediator.framework",
			);
			runOnlyForDeploymentPostprocessing = 0;
			shellPath = /bin/sh;
			shellScript = "\"${PODS_ROOT}/Target Support Files/Pods-B_Category/Pods-B_Category-frameworks.sh\"\n";
			showEnvVarsInLog = 0;
		};
		60BE0F9F1B710EB482E09400 /* [CP] Check Pods Manifest.lock */ = {
			isa = PBXShellScriptBuildPhase;
			buildActionMask = 2147483647;
			files = (
			);
			inputFileListPaths = (
			);
			inputPaths = (
				"${PODS_PODFILE_DIR_PATH}/Podfile.lock",
				"${PODS_ROOT}/Manifest.lock",
			);
			name = "[CP] Check Pods Manifest.lock";
			outputFileListPaths = (
			);
			outputPaths = (
				"$(DERIVED_FILE_DIR)/Pods-B_Category-checkManifestLockResult.txt",
			);
			runOnlyForDeploymentPostprocessing = 0;
			shellPath = /bin/sh;
			shellScript = "diff \"${PODS_PODFILE_DIR_PATH}/Podfile.lock\" \"${PODS_ROOT}/Manifest.lock\" > /dev/null\nif [ $? != 0 ] ; then\n    # print error to STDERR\n    echo \"error: The sandbox is not in sync with the Podfile.lock. Run 'pod install' or update your CocoaPods installation.\" >&2\n    exit 1\nfi\n# This output is used by Xcode 'outputs' to avoid re-running this script phase.\necho \"SUCCESS\" > \"${SCRIPT_OUTPUT_FILE_0}\"\n";
			showEnvVarsInLog = 0;
		};
/* End PBXShellScriptBuildPhase section */

/* Begin PBXSourcesBuildPhase section */
		147BB77621CB3D1A009D1570 /* Sources */ = {
			isa = PBXSourcesBuildPhase;
			buildActionMask = 2147483647;
			files = (
				147BB78221CB3D1A009D1570 /* ViewController.m in Sources */,
				147BB78D21CB3D1B009D1570 /* main.m in Sources */,
				147BB79621CB3EB9009D1570 /* CTMediator+B.m in Sources */,
				147BB77F21CB3D1A009D1570 /* AppDelegate.m in Sources */,
			);
			runOnlyForDeploymentPostprocessing = 0;
		};
/* End PBXSourcesBuildPhase section */

/* Begin PBXVariantGroup section */
		147BB78321CB3D1A009D1570 /* Main.storyboard */ = {
			isa = PBXVariantGroup;
			children = (
				147BB78421CB3D1A009D1570 /* Base */,
			);
			name = Main.storyboard;
			sourceTree = "<group>";
		};
		147BB78821CB3D1B009D1570 /* LaunchScreen.storyboard */ = {
			isa = PBXVariantGroup;
			children = (
				147BB78921CB3D1B009D1570 /* Base */,
			);
			name = LaunchScreen.storyboard;
			sourceTree = "<group>";
		};
/* End PBXVariantGroup section */

/* Begin XCBuildConfiguration section */
		147BB78E21CB3D1B009D1570 /* Debug */ = {
			isa = XCBuildConfiguration;
			buildSettings = {
				ALWAYS_SEARCH_USER_PATHS = NO;
				CLANG_ANALYZER_NONNULL = YES;
				CLANG_ANALYZER_NUMBER_OBJECT_CONVERSION = YES_AGGRESSIVE;
				CLANG_CXX_LANGUAGE_STANDARD = "gnu++14";
				CLANG_CXX_LIBRARY = "libc++";
				CLANG_ENABLE_MODULES = YES;
				CLANG_ENABLE_OBJC_ARC = YES;
				CLANG_ENABLE_OBJC_WEAK = YES;
				CLANG_WARN_BLOCK_CAPTURE_AUTORELEASING = YES;
				CLANG_WARN_BOOL_CONVERSION = YES;
				CLANG_WARN_COMMA = YES;
				CLANG_WARN_CONSTANT_CONVERSION = YES;
				CLANG_WARN_DEPRECATED_OBJC_IMPLEMENTATIONS = YES;
				CLANG_WARN_DIRECT_OBJC_ISA_USAGE = YES_ERROR;
				CLANG_WARN_DOCUMENTATION_COMMENTS = YES;
				CLANG_WARN_EMPTY_BODY = YES;
				CLANG_WARN_ENUM_CONVERSION = YES;
				CLANG_WARN_INFINITE_RECURSION = YES;
				CLANG_WARN_INT_CONVERSION = YES;
				CLANG_WARN_NON_LITERAL_NULL_CONVERSION = YES;
				CLANG_WARN_OBJC_IMPLICIT_RETAIN_SELF = YES;
				CLANG_WARN_OBJC_LITERAL_CONVERSION = YES;
				CLANG_WARN_OBJC_ROOT_CLASS = YES_ERROR;
				CLANG_WARN_RANGE_LOOP_ANALYSIS = YES;
				CLANG_WARN_STRICT_PROTOTYPES = YES;
				CLANG_WARN_SUSPICIOUS_MOVE = YES;
				CLANG_WARN_UNGUARDED_AVAILABILITY = YES_AGGRESSIVE;
				CLANG_WARN_UNREACHABLE_CODE = YES;
				CLANG_WARN__DUPLICATE_METHOD_MATCH = YES;
				CODE_SIGN_IDENTITY = "iPhone Developer";
				COPY_PHASE_STRIP = NO;
				DEBUG_INFORMATION_FORMAT = dwarf;
				ENABLE_STRICT_OBJC_MSGSEND = YES;
				ENABLE_TESTABILITY = YES;
				GCC_C_LANGUAGE_STANDARD = gnu11;
				GCC_DYNAMIC_NO_PIC = NO;
				GCC_NO_COMMON_BLOCKS = YES;
				GCC_OPTIMIZATION_LEVEL = 0;
				GCC_PREPROCESSOR_DEFINITIONS = (
					"DEBUG=1",
					"$(inherited)",
				);
				GCC_WARN_64_TO_32_BIT_CONVERSION = YES;
				GCC_WARN_ABOUT_RETURN_TYPE = YES_ERROR;
				GCC_WARN_UNDECLARED_SELECTOR = YES;
				GCC_WARN_UNINITIALIZED_AUTOS = YES_AGGRESSIVE;
				GCC_WARN_UNUSED_FUNCTION = YES;
				GCC_WARN_UNUSED_VARIABLE = YES;
				IPHONEOS_DEPLOYMENT_TARGET = 12.1;
				MTL_ENABLE_DEBUG_INFO = INCLUDE_SOURCE;
				MTL_FAST_MATH = YES;
				ONLY_ACTIVE_ARCH = YES;
				SDKROOT = iphoneos;
			};
			name = Debug;
		};
		147BB78F21CB3D1B009D1570 /* Release */ = {
			isa = XCBuildConfiguration;
			buildSettings = {
				ALWAYS_SEARCH_USER_PATHS = NO;
				CLANG_ANALYZER_NONNULL = YES;
				CLANG_ANALYZER_NUMBER_OBJECT_CONVERSION = YES_AGGRESSIVE;
				CLANG_CXX_LANGUAGE_STANDARD = "gnu++14";
				CLANG_CXX_LIBRARY = "libc++";
				CLANG_ENABLE_MODULES = YES;
				CLANG_ENABLE_OBJC_ARC = YES;
				CLANG_ENABLE_OBJC_WEAK = YES;
				CLANG_WARN_BLOCK_CAPTURE_AUTORELEASING = YES;
				CLANG_WARN_BOOL_CONVERSION = YES;
				CLANG_WARN_COMMA = YES;
				CLANG_WARN_CONSTANT_CONVERSION = YES;
				CLANG_WARN_DEPRECATED_OBJC_IMPLEMENTATIONS = YES;
				CLANG_WARN_DIRECT_OBJC_ISA_USAGE = YES_ERROR;
				CLANG_WARN_DOCUMENTATION_COMMENTS = YES;
				CLANG_WARN_EMPTY_BODY = YES;
				CLANG_WARN_ENUM_CONVERSION = YES;
				CLANG_WARN_INFINITE_RECURSION = YES;
				CLANG_WARN_INT_CONVERSION = YES;
				CLANG_WARN_NON_LITERAL_NULL_CONVERSION = YES;
				CLANG_WARN_OBJC_IMPLICIT_RETAIN_SELF = YES;
				CLANG_WARN_OBJC_LITERAL_CONVERSION = YES;
				CLANG_WARN_OBJC_ROOT_CLASS = YES_ERROR;
				CLANG_WARN_RANGE_LOOP_ANALYSIS = YES;
				CLANG_WARN_STRICT_PROTOTYPES = YES;
				CLANG_WARN_SUSPICIOUS_MOVE = YES;
				CLANG_WARN_UNGUARDED_AVAILABILITY = YES_AGGRESSIVE;
				CLANG_WARN_UNREACHABLE_CODE = YES;
				CLANG_WARN__DUPLICATE_METHOD_MATCH = YES;
				CODE_SIGN_IDENTITY = "iPhone Developer";
				COPY_PHASE_STRIP = NO;
				DEBUG_INFORMATION_FORMAT = "dwarf-with-dsym";
				ENABLE_NS_ASSERTIONS = NO;
				ENABLE_STRICT_OBJC_MSGSEND = YES;
				GCC_C_LANGUAGE_STANDARD = gnu11;
				GCC_NO_COMMON_BLOCKS = YES;
				GCC_WARN_64_TO_32_BIT_CONVERSION = YES;
				GCC_WARN_ABOUT_RETURN_TYPE = YES_ERROR;
				GCC_WARN_UNDECLARED_SELECTOR = YES;
				GCC_WARN_UNINITIALIZED_AUTOS = YES_AGGRESSIVE;
				GCC_WARN_UNUSED_FUNCTION = YES;
				GCC_WARN_UNUSED_VARIABLE = YES;
				IPHONEOS_DEPLOYMENT_TARGET = 12.1;
				MTL_ENABLE_DEBUG_INFO = NO;
				MTL_FAST_MATH = YES;
				SDKROOT = iphoneos;
				VALIDATE_PRODUCT = YES;
			};
			name = Release;
		};
		147BB79121CB3D1B009D1570 /* Debug */ = {
			isa = XCBuildConfiguration;
			baseConfigurationReference = EB361245C867DB6C640CC0FD /* Pods-B_Category.debug.xcconfig */;
			buildSettings = {
				ASSETCATALOG_COMPILER_APPICON_NAME = AppIcon;
				CODE_SIGN_STYLE = Automatic;
				DEVELOPMENT_TEAM = GUKU786LM5;
				INFOPLIST_FILE = B_Category/Info.plist;
				LD_RUNPATH_SEARCH_PATHS = (
					"$(inherited)",
					"@executable_path/Frameworks",
				);
				PRODUCT_BUNDLE_IDENTIFIER = "com.p2soft.B-Category";
				PRODUCT_NAME = "$(TARGET_NAME)";
				TARGETED_DEVICE_FAMILY = "1,2";
			};
			name = Debug;
		};
		147BB79221CB3D1B009D1570 /* Release */ = {
			isa = XCBuildConfiguration;
			baseConfigurationReference = 5BE3099BF6C61724DB523CC6 /* Pods-B_Category.release.xcconfig */;
			buildSettings = {
				ASSETCATALOG_COMPILER_APPICON_NAME = AppIcon;
				CODE_SIGN_STYLE = Automatic;
				DEVELOPMENT_TEAM = GUKU786LM5;
				INFOPLIST_FILE = B_Category/Info.plist;
				LD_RUNPATH_SEARCH_PATHS = (
					"$(inherited)",
					"@executable_path/Frameworks",
				);
				PRODUCT_BUNDLE_IDENTIFIER = "com.p2soft.B-Category";
				PRODUCT_NAME = "$(TARGET_NAME)";
				TARGETED_DEVICE_FAMILY = "1,2";
			};
			name = Release;
		};
/* End XCBuildConfiguration section */

/* Begin XCConfigurationList section */
		147BB77521CB3D1A009D1570 /* Build configuration list for PBXProject "B_Category" */ = {
			isa = XCConfigurationList;
			buildConfigurations = (
				147BB78E21CB3D1B009D1570 /* Debug */,
				147BB78F21CB3D1B009D1570 /* Release */,
			);
			defaultConfigurationIsVisible = 0;
			defaultConfigurationName = Release;
		};
		147BB79021CB3D1B009D1570 /* Build configuration list for PBXNativeTarget "B_Category" */ = {
			isa = XCConfigurationList;
			buildConfigurations = (
				147BB79121CB3D1B009D1570 /* Debug */,
				147BB79221CB3D1B009D1570 /* Release */,
			);
			defaultConfigurationIsVisible = 0;
			defaultConfigurationName = Release;
		};
/* End XCConfigurationList section */
	};
	rootObject = 147BB77221CB3D1A009D1570 /* Project object */;
}
